// !$*UTF8*$!
{
	archiveVersion = 1;
	classes = {
	};
	objectVersion = 56;
	objects = {

/* Begin PBXBuildFile section */
		1CA5AD9626ACEBC9F7BAC428 /* libPods-TableAlamofire.a in Frameworks */ = {isa = PBXBuildFile; fileRef = 0B426CE0A6BBD39BA17F9CEC /* libPods-TableAlamofire.a */; };
		B5C4E0D32A4D990100EE25C2 /* AppDelegate.swift in Sources */ = {isa = PBXBuildFile; fileRef = B5C4E0D22A4D990100EE25C2 /* AppDelegate.swift */; };
		B5C4E0D52A4D990100EE25C2 /* SceneDelegate.swift in Sources */ = {isa = PBXBuildFile; fileRef = B5C4E0D42A4D990100EE25C2 /* SceneDelegate.swift */; };
		B5C4E0D72A4D990100EE25C2 /* ViewController.swift in Sources */ = {isa = PBXBuildFile; fileRef = B5C4E0D62A4D990100EE25C2 /* ViewController.swift */; };
		B5C4E0DA2A4D990100EE25C2 /* Main.storyboard in Resources */ = {isa = PBXBuildFile; fileRef = B5C4E0D82A4D990100EE25C2 /* Main.storyboard */; };
		B5C4E0DC2A4D990300EE25C2 /* Assets.xcassets in Resources */ = {isa = PBXBuildFile; fileRef = B5C4E0DB2A4D990300EE25C2 /* Assets.xcassets */; };
		B5C4E0DF2A4D990300EE25C2 /* LaunchScreen.storyboard in Resources */ = {isa = PBXBuildFile; fileRef = B5C4E0DD2A4D990300EE25C2 /* LaunchScreen.storyboard */; };
/* End PBXBuildFile section */

/* Begin PBXFileReference section */
		0B426CE0A6BBD39BA17F9CEC /* libPods-TableAlamofire.a */ = {isa = PBXFileReference; explicitFileType = archive.ar; includeInIndex = 0; path = "libPods-TableAlamofire.a"; sourceTree = BUILT_PRODUCTS_DIR; };
		9A484B1AFE159C80998D6527 /* Pods-TableAlamofire.debug.xcconfig */ = {isa = PBXFileReference; includeInIndex = 1; lastKnownFileType = text.xcconfig; name = "Pods-TableAlamofire.debug.xcconfig"; path = "Target Support Files/Pods-TableAlamofire/Pods-TableAlamofire.debug.xcconfig"; sourceTree = "<group>"; };
		B5C4E0CF2A4D990100EE25C2 /* TableAlamofire.app */ = {isa = PBXFileReference; explicitFileType = wrapper.application; includeInIndex = 0; path = TableAlamofire.app; sourceTree = BUILT_PRODUCTS_DIR; };
		B5C4E0D22A4D990100EE25C2 /* AppDelegate.swift */ = {isa = PBXFileReference; lastKnownFileType = sourcecode.swift; path = AppDelegate.swift; sourceTree = "<group>"; };
		B5C4E0D42A4D990100EE25C2 /* SceneDelegate.swift */ = {isa = PBXFileReference; lastKnownFileType = sourcecode.swift; path = SceneDelegate.swift; sourceTree = "<group>"; };
		B5C4E0D62A4D990100EE25C2 /* ViewController.swift */ = {isa = PBXFileReference; lastKnownFileType = sourcecode.swift; path = ViewController.swift; sourceTree = "<group>"; };
		B5C4E0D92A4D990100EE25C2 /* Base */ = {isa = PBXFileReference; lastKnownFileType = file.storyboard; name = Base; path = Base.lproj/Main.storyboard; sourceTree = "<group>"; };
		B5C4E0DB2A4D990300EE25C2 /* Assets.xcassets */ = {isa = PBXFileReference; lastKnownFileType = folder.assetcatalog; path = Assets.xcassets; sourceTree = "<group>"; };
		B5C4E0DE2A4D990300EE25C2 /* Base */ = {isa = PBXFileReference; lastKnownFileType = file.storyboard; name = Base; path = Base.lproj/LaunchScreen.storyboard; sourceTree = "<group>"; };
		B5C4E0E02A4D990300EE25C2 /* Info.plist */ = {isa = PBXFileReference; lastKnownFileType = text.plist.xml; path = Info.plist; sourceTree = "<group>"; };
		F81327A0AAA8E0E7E5049683 /* Pods-TableAlamofire.release.xcconfig */ = {isa = PBXFileReference; includeInIndex = 1; lastKnownFileType = text.xcconfig; name = "Pods-TableAlamofire.release.xcconfig"; path = "Target Support Files/Pods-TableAlamofire/Pods-TableAlamofire.release.xcconfig"; sourceTree = "<group>"; };
/* End PBXFileReference section */

/* Begin PBXFrameworksBuildPhase section */
		B5C4E0CC2A4D990100EE25C2 /* Frameworks */ = {
			isa = PBXFrameworksBuildPhase;
			buildActionMask = 2147483647;
			files = (
				1CA5AD9626ACEBC9F7BAC428 /* libPods-TableAlamofire.a in Frameworks */,
			);
			runOnlyForDeploymentPostprocessing = 0;
		};
/* End PBXFrameworksBuildPhase section */

/* Begin PBXGroup section */
		577F58F1C2E292B21138B2E6 /* Pods */ = {
			isa = PBXGroup;
			children = (
				9A484B1AFE159C80998D6527 /* Pods-TableAlamofire.debug.xcconfig */,
				F81327A0AAA8E0E7E5049683 /* Pods-TableAlamofire.release.xcconfig */,
			);
			name = Pods;
			path = Pods;
			sourceTree = "<group>";
		};
		B3E1E757D71BA2D93B1AA73C /* Frameworks */ = {
			isa = PBXGroup;
			children = (
				0B426CE0A6BBD39BA17F9CEC /* libPods-TableAlamofire.a */,
			);
			name = Frameworks;
			sourceTree = "<group>";
		};
		B5C4E0C62A4D990100EE25C2 = {
			isa = PBXGroup;
			children = (
				B5C4E0D12A4D990100EE25C2 /* TableAlamofire */,
				B5C4E0D02A4D990100EE25C2 /* Products */,
				577F58F1C2E292B21138B2E6 /* Pods */,
				B3E1E757D71BA2D93B1AA73C /* Frameworks */,
			);
			sourceTree = "<group>";
		};
		B5C4E0D02A4D990100EE25C2 /* Products */ = {
			isa = PBXGroup;
			children = (
				B5C4E0CF2A4D990100EE25C2 /* TableAlamofire.app */,
			);
			name = Products;
			sourceTree = "<group>";
		};
		B5C4E0D12A4D990100EE25C2 /* TableAlamofire */ = {
			isa = PBXGroup;
			children = (
				B5C4E0D22A4D990100EE25C2 /* AppDelegate.swift */,
				B5C4E0D42A4D990100EE25C2 /* SceneDelegate.swift */,
				B5C4E0D62A4D990100EE25C2 /* ViewController.swift */,
				B5C4E0D82A4D990100EE25C2 /* Main.storyboard */,
				B5C4E0DB2A4D990300EE25C2 /* Assets.xcassets */,
				B5C4E0DD2A4D990300EE25C2 /* LaunchScreen.storyboard */,
				B5C4E0E02A4D990300EE25C2 /* Info.plist */,
			);
			path = TableAlamofire;
			sourceTree = "<group>";
		};
/* End PBXGroup section */

/* Begin PBXNativeTarget section */
		B5C4E0CE2A4D990100EE25C2 /* TableAlamofire */ = {
			isa = PBXNativeTarget;
			buildConfigurationList = B5C4E0E32A4D990300EE25C2 /* Build configuration list for PBXNativeTarget "TableAlamofire" */;
			buildPhases = (
				7DB01ACB5EB1303796D8DD8F /* [CP] Check Pods Manifest.lock */,
				B5C4E0CB2A4D990100EE25C2 /* Sources */,
				B5C4E0CC2A4D990100EE25C2 /* Frameworks */,
				B5C4E0CD2A4D990100EE25C2 /* Resources */,
			);
			buildRules = (
			);
			dependencies = (
			);
			name = TableAlamofire;
			productName = TableAlamofire;
			productReference = B5C4E0CF2A4D990100EE25C2 /* TableAlamofire.app */;
			productType = "com.apple.product-type.application";
		};
/* End PBXNativeTarget section */

/* Begin PBXProject section */
		B5C4E0C72A4D990100EE25C2 /* Project object */ = {
			isa = PBXProject;
			attributes = {
				BuildIndependentTargetsInParallel = 1;
				LastSwiftUpdateCheck = 1430;
				LastUpgradeCheck = 1430;
				TargetAttributes = {
					B5C4E0CE2A4D990100EE25C2 = {
						CreatedOnToolsVersion = 14.3.1;
					};
				};
			};
			buildConfigurationList = B5C4E0CA2A4D990100EE25C2 /* Build configuration list for PBXProject "TableAlamofire" */;
			compatibilityVersion = "Xcode 14.0";
			developmentRegion = en;
			hasScannedForEncodings = 0;
			knownRegions = (
				en,
				Base,
			);
			mainGroup = B5C4E0C62A4D990100EE25C2;
			productRefGroup = B5C4E0D02A4D990100EE25C2 /* Products */;
			projectDirPath = "";
			projectRoot = "";
			targets = (
				B5C4E0CE2A4D990100EE25C2 /* TableAlamofire */,
			);
		};
/* End PBXProject section */

/* Begin PBXResourcesBuildPhase section */
		B5C4E0CD2A4D990100EE25C2 /* Resources */ = {
			isa = PBXResourcesBuildPhase;
			buildActionMask = 2147483647;
			files = (
				B5C4E0DF2A4D990300EE25C2 /* LaunchScreen.storyboard in Resources */,
				B5C4E0DC2A4D990300EE25C2 /* Assets.xcassets in Resources */,
				B5C4E0DA2A4D990100EE25C2 /* Main.storyboard in Resources */,
			);
			runOnlyForDeploymentPostprocessing = 0;
		};
/* End PBXResourcesBuildPhase section */

/* Begin PBXShellScriptBuildPhase section */
		7DB01ACB5EB1303796D8DD8F /* [CP] Check Pods Manifest.lock */ = {
			isa = PBXShellScriptBuildPhase;
			buildActionMask = 2147483647;
			files = (
			);
			inputFileListPaths = (
			);
			inputPaths = (
				"${PODS_PODFILE_DIR_PATH}/Podfile.lock",
				"${PODS_ROOT}/Manifest.lock",
			);
			name = "[CP] Check Pods Manifest.lock";
			outputFileListPaths = (
			);
			outputPaths = (
				"$(DERIVED_FILE_DIR)/Pods-TableAlamofire-checkManifestLockResult.txt",
			);
			runOnlyForDeploymentPostprocessing = 0;
			shellPath = /bin/sh;
			shellScript = "diff \"${PODS_PODFILE_DIR_PATH}/Podfile.lock\" \"${PODS_ROOT}/Manifest.lock\" > /dev/null\nif [ $? != 0 ] ; then\n    # print error to STDERR\n    echo \"error: The sandbox is not in sync with the Podfile.lock. Run 'pod install' or update your CocoaPods installation.\" >&2\n    exit 1\nfi\n# This output is used by Xcode 'outputs' to avoid re-running this script phase.\necho \"SUCCESS\" > \"${SCRIPT_OUTPUT_FILE_0}\"\n";
			showEnvVarsInLog = 0;
		};
/* End PBXShellScriptBuildPhase section */

/* Begin PBXSourcesBuildPhase section */
		B5C4E0CB2A4D990100EE25C2 /* Sources */ = {
			isa = PBXSourcesBuildPhase;
			buildActionMask = 2147483647;
			files = (
				B5C4E0D72A4D990100EE25C2 /* ViewController.swift in Sources */,
				B5C4E0D32A4D990100EE25C2 /* AppDelegate.swift in Sources */,
				B5C4E0D52A4D990100EE25C2 /* SceneDelegate.swift in Sources */,
			);
			runOnlyForDeploymentPostprocessing = 0;
		};
/* End PBXSourcesBuildPhase section */

/* Begin PBXVariantGroup section */
		B5C4E0D82A4D990100EE25C2 /* Main.storyboard */ = {
			isa = PBXVariantGroup;
			children = (
				B5C4E0D92A4D990100EE25C2 /* Base */,
			);
			name = Main.storyboard;
			sourceTree = "<group>";
		};
		B5C4E0DD2A4D990300EE25C2 /* LaunchScreen.storyboard */ = {
			isa = PBXVariantGroup;
			children = (
				B5C4E0DE2A4D990300EE25C2 /* Base */,
			);
			name = LaunchScreen.storyboard;
			sourceTree = "<group>";
		};
/* End PBXVariantGroup section */

/* Begin XCBuildConfiguration section */
		B5C4E0E12A4D990300EE25C2 /* Debug */ = {
			isa = XCBuildConfiguration;
			buildSettings = {
				ALWAYS_SEARCH_USER_PATHS = NO;
				CLANG_ANALYZER_NONNULL = YES;
				CLANG_ANALYZER_NUMBER_OBJECT_CONVERSION = YES_AGGRESSIVE;
				CLANG_CXX_LANGUAGE_STANDARD = "gnu++20";
				CLANG_ENABLE_MODULES = YES;
				CLANG_ENABLE_OBJC_ARC = YES;
				CLANG_ENABLE_OBJC_WEAK = YES;
				CLANG_WARN_BLOCK_CAPTURE_AUTORELEASING = YES;
				CLANG_WARN_BOOL_CONVERSION = YES;
				CLANG_WARN_COMMA = YES;
				CLANG_WARN_CONSTANT_CONVERSION = YES;
				CLANG_WARN_DEPRECATED_OBJC_IMPLEMENTATIONS = YES;
				CLANG_WARN_DIRECT_OBJC_ISA_USAGE = YES_ERROR;
				CLANG_WARN_DOCUMENTATION_COMMENTS = YES;
				CLANG_WARN_EMPTY_BODY = YES;
				CLANG_WARN_ENUM_CONVERSION = YES;
				CLANG_WARN_INFINITE_RECURSION = YES;
				CLANG_WARN_INT_CONVERSION = YES;
				CLANG_WARN_NON_LITERAL_NULL_CONVERSION = YES;
				CLANG_WARN_OBJC_IMPLICIT_RETAIN_SELF = YES;
				CLANG_WARN_OBJC_LITERAL_CONVERSION = YES;
				CLANG_WARN_OBJC_ROOT_CLASS = YES_ERROR;
				CLANG_WARN_QUOTED_INCLUDE_IN_FRAMEWORK_HEADER = YES;
				CLANG_WARN_RANGE_LOOP_ANALYSIS = YES;
				CLANG_WARN_STRICT_PROTOTYPES = YES;
				CLANG_WARN_SUSPICIOUS_MOVE = YES;
				CLANG_WARN_UNGUARDED_AVAILABILITY = YES_AGGRESSIVE;
				CLANG_WARN_UNREACHABLE_CODE = YES;
				CLANG_WARN__DUPLICATE_METHOD_MATCH = YES;
				COPY_PHASE_STRIP = NO;
				DEBUG_INFORMATION_FORMAT = dwarf;
				ENABLE_STRICT_OBJC_MSGSEND = YES;
				ENABLE_TESTABILITY = YES;
				GCC_C_LANGUAGE_STANDARD = gnu11;
				GCC_DYNAMIC_NO_PIC = NO;
				GCC_NO_COMMON_BLOCKS = YES;
				GCC_OPTIMIZATION_LEVEL = 0;
				GCC_PREPROCESSOR_DEFINITIONS = (
					"DEBUG=1",
					"$(inherited)",
				);
				GCC_WARN_64_TO_32_BIT_CONVERSION = YES;
				GCC_WARN_ABOUT_RETURN_TYPE = YES_ERROR;
				GCC_WARN_UNDECLARED_SELECTOR = YES;
				GCC_WARN_UNINITIALIZED_AUTOS = YES_AGGRESSIVE;
				GCC_WARN_UNUSED_FUNCTION = YES;
				GCC_WARN_UNUSED_VARIABLE = YES;
				IPHONEOS_DEPLOYMENT_TARGET = 16.4;
				MTL_ENABLE_DEBUG_INFO = INCLUDE_SOURCE;
				MTL_FAST_MATH = YES;
				ONLY_ACTIVE_ARCH = YES;
				SDKROOT = iphoneos;
				SWIFT_ACTIVE_COMPILATION_CONDITIONS = DEBUG;
				SWIFT_OPTIMIZATION_LEVEL = "-Onone";
			};
			name = Debug;
		};
		B5C4E0E22A4D990300EE25C2 /* Release */ = {
			isa = XCBuildConfiguration;
			buildSettings = {
				ALWAYS_SEARCH_USER_PATHS = NO;
				CLANG_ANALYZER_NONNULL = YES;
				CLANG_ANALYZER_NUMBER_OBJECT_CONVERSION = YES_AGGRESSIVE;
				CLANG_CXX_LANGUAGE_STANDARD = "gnu++20";
				CLANG_ENABLE_MODULES = YES;
				CLANG_ENABLE_OBJC_ARC = YES;
				CLANG_ENABLE_OBJC_WEAK = YES;
				CLANG_WARN_BLOCK_CAPTURE_AUTORELEASING = YES;
				CLANG_WARN_BOOL_CONVERSION = YES;
				CLANG_WARN_COMMA = YES;
				CLANG_WARN_CONSTANT_CONVERSION = YES;
				CLANG_WARN_DEPRECATED_OBJC_IMPLEMENTATIONS = YES;
				CLANG_WARN_DIRECT_OBJC_ISA_USAGE = YES_ERROR;
				CLANG_WARN_DOCUMENTATION_COMMENTS = YES;
				CLANG_WARN_EMPTY_BODY = YES;
				CLANG_WARN_ENUM_CONVERSION = YES;
				CLANG_WARN_INFINITE_RECURSION = YES;
				CLANG_WARN_INT_CONVERSION = YES;
				CLANG_WARN_NON_LITERAL_NULL_CONVERSION = YES;
				CLANG_WARN_OBJC_IMPLICIT_RETAIN_SELF = YES;
				CLANG_WARN_OBJC_LITERAL_CONVERSION = YES;
				CLANG_WARN_OBJC_ROOT_CLASS = YES_ERROR;
				CLANG_WARN_QUOTED_INCLUDE_IN_FRAMEWORK_HEADER = YES;
				CLANG_WARN_RANGE_LOOP_ANALYSIS = YES;
				CLANG_WARN_STRICT_PROTOTYPES = YES;
				CLANG_WARN_SUSPICIOUS_MOVE = YES;
				CLANG_WARN_UNGUARDED_AVAILABILITY = YES_AGGRESSIVE;
				CLANG_WARN_UNREACHABLE_CODE = YES;
				CLANG_WARN__DUPLICATE_METHOD_MATCH = YES;
				COPY_PHASE_STRIP = NO;
				DEBUG_INFORMATION_FORMAT = "dwarf-with-dsym";
				ENABLE_NS_ASSERTIONS = NO;
				ENABLE_STRICT_OBJC_MSGSEND = YES;
				GCC_C_LANGUAGE_STANDARD = gnu11;
				GCC_NO_COMMON_BLOCKS = YES;
				GCC_WARN_64_TO_32_BIT_CONVERSION = YES;
				GCC_WARN_ABOUT_RETURN_TYPE = YES_ERROR;
				GCC_WARN_UNDECLARED_SELECTOR = YES;
				GCC_WARN_UNINITIALIZED_AUTOS = YES_AGGRESSIVE;
				GCC_WARN_UNUSED_FUNCTION = YES;
				GCC_WARN_UNUSED_VARIABLE = YES;
				IPHONEOS_DEPLOYMENT_TARGET = 16.4;
				MTL_ENABLE_DEBUG_INFO = NO;
				MTL_FAST_MATH = YES;
				SDKROOT = iphoneos;
				SWIFT_COMPILATION_MODE = wholemodule;
				SWIFT_OPTIMIZATION_LEVEL = "-O";
				VALIDATE_PRODUCT = YES;
			};
			name = Release;
		};
		B5C4E0E42A4D990300EE25C2 /* Debug */ = {
			isa = XCBuildConfiguration;
			baseConfigurationReference = 9A484B1AFE159C80998D6527 /* Pods-TableAlamofire.debug.xcconfig */;
			buildSettings = {
				ASSETCATALOG_COMPILER_APPICON_NAME = AppIcon;
				ASSETCATALOG_COMPILER_GLOBAL_ACCENT_COLOR_NAME = AccentColor;
				CODE_SIGN_STYLE = Automatic;
				CURRENT_PROJECT_VERSION = 1;
				DEVELOPMENT_TEAM = H87TDKA3ZG;
				GENERATE_INFOPLIST_FILE = YES;
				INFOPLIST_FILE = TableAlamofire/Info.plist;
				INFOPLIST_KEY_UIApplicationSupportsIndirectInputEvents = YES;
				INFOPLIST_KEY_UILaunchStoryboardName = LaunchScreen;
				INFOPLIST_KEY_UIMainStoryboardFile = Main;
				INFOPLIST_KEY_UISupportedInterfaceOrientations_iPad = "UIInterfaceOrientationPortrait UIInterfaceOrientationPortraitUpsideDown UIInterfaceOrientationLandscapeLeft UIInterfaceOrientationLandscapeRight";
				INFOPLIST_KEY_UISupportedInterfaceOrientations_iPhone = "UIInterfaceOrientationPortrait UIInterfaceOrientationLandscapeLeft UIInterfaceOrientationLandscapeRight";
				LD_RUNPATH_SEARCH_PATHS = (
					"$(inherited)",
					"@executable_path/Frameworks",
				);
				MARKETING_VERSION = 1.0;
				PRODUCT_BUNDLE_IDENTIFIER = com.my.TableAlamofire;
				PRODUCT_NAME = "$(TARGET_NAME)";
				SWIFT_EMIT_LOC_STRINGS = YES;
				SWIFT_VERSION = 5.0;
				TARGETED_DEVICE_FAMILY = "1,2";
			};
			name = Debug;
		};
		B5C4E0E52A4D990300EE25C2 /* Release */ = {
			isa = XCBuildConfiguration;
			baseConfigurationReference = F81327A0AAA8E0E7E5049683 /* Pods-TableAlamofire.release.xcconfig */;
			buildSettings = {
				ASSETCATALOG_COMPILER_APPICON_NAME = AppIcon;
				ASSETCATALOG_COMPILER_GLOBAL_ACCENT_COLOR_NAME = AccentColor;
				CODE_SIGN_STYLE = Automatic;
				CURRENT_PROJECT_VERSION = 1;
				DEVELOPMENT_TEAM = H87TDKA3ZG;
				GENERATE_INFOPLIST_FILE = YES;
				INFOPLIST_FILE = TableAlamofire/Info.plist;
				INFOPLIST_KEY_UIApplicationSupportsIndirectInputEvents = YES;
				INFOPLIST_KEY_UILaunchStoryboardName = LaunchScreen;
				INFOPLIST_KEY_UIMainStoryboardFile = Main;
				INFOPLIST_KEY_UISupportedInterfaceOrientations_iPad = "UIInterfaceOrientationPortrait UIInterfaceOrientationPortraitUpsideDown UIInterfaceOrientationLandscapeLeft UIInterfaceOrientationLandscapeRight";
				INFOPLIST_KEY_UISupportedInterfaceOrientations_iPhone = "UIInterfaceOrientationPortrait UIInterfaceOrientationLandscapeLeft UIInterfaceOrientationLandscapeRight";
				LD_RUNPATH_SEARCH_PATHS = (
					"$(inherited)",
					"@executable_path/Frameworks",
				);
				MARKETING_VERSION = 1.0;
				PRODUCT_BUNDLE_IDENTIFIER = com.my.TableAlamofire;
				PRODUCT_NAME = "$(TARGET_NAME)";
				SWIFT_EMIT_LOC_STRINGS = YES;
				SWIFT_VERSION = 5.0;
				TARGETED_DEVICE_FAMILY = "1,2";
			};
			name = Release;
		};
/* End XCBuildConfiguration section */

/* Begin XCConfigurationList section */
		B5C4E0CA2A4D990100EE25C2 /* Build configuration list for PBXProject "TableAlamofire" */ = {
			isa = XCConfigurationList;
			buildConfigurations = (
				B5C4E0E12A4D990300EE25C2 /* Debug */,
				B5C4E0E22A4D990300EE25C2 /* Release */,
			);
			defaultConfigurationIsVisible = 0;
			defaultConfigurationName = Release;
		};
		B5C4E0E32A4D990300EE25C2 /* Build configuration list for PBXNativeTarget "TableAlamofire" */ = {
			isa = XCConfigurationList;
			buildConfigurations = (
				B5C4E0E42A4D990300EE25C2 /* Debug */,
				B5C4E0E52A4D990300EE25C2 /* Release */,
			);
			defaultConfigurationIsVisible = 0;
			defaultConfigurationName = Release;
		};
/* End XCConfigurationList section */
	};
	rootObject = B5C4E0C72A4D990100EE25C2 /* Project object */;
}
